
Microsoft Visual Studio Solution File, Format Version 12.00
# Visual Studio 15
VisualStudioVersion = 15.0.28307.136
MinimumVisualStudioVersion = 10.0.40219.1
Project("{2150E333-8FDC-42A3-9474-1A3956D46DE8}") = "Web", "Web", "{E6D925EB-46A6-490C-8A3E-C9FB49E9BF88}"
EndProject
Project("{FAE04EC0-301F-11D3-BF4B-00C04F79EFBC}") = "MHMApp.Web", "Web\MHMApp.Web\MHMApp.Web.csproj", "{C910AAC6-73BA-41EA-AB0E-FDD6A3164409}"
EndProject
Global
	GlobalSection(SolutionConfigurationPlatforms) = preSolution
		Debug|Any CPU = Debug|Any CPU
		Release|Any CPU = Release|Any CPU
	EndGlobalSection
	GlobalSection(ProjectConfigurationPlatforms) = postSolution
		{C910AAC6-73BA-41EA-AB0E-FDD6A3164409}.Debug|Any CPU.ActiveCfg = Debug|Any CPU
		{C910AAC6-73BA-41EA-AB0E-FDD6A3164409}.Debug|Any CPU.Build.0 = Debug|Any CPU
		{C910AAC6-73BA-41EA-AB0E-FDD6A3164409}.Release|Any CPU.ActiveCfg = Release|Any CPU
		{C910AAC6-73BA-41EA-AB0E-FDD6A3164409}.Release|Any CPU.Build.0 = Release|Any CPU
	EndGlobalSection
	GlobalSection(SolutionProperties) = preSolution
		HideSolutionNode = FALSE
	EndGlobalSection
	GlobalSection(NestedProjects) = preSolution
		{C910AAC6-73BA-41EA-AB0E-FDD6A3164409} = {E6D925EB-46A6-490C-8A3E-C9FB49E9BF88}
	EndGlobalSection
	GlobalSection(ExtensibilityGlobals) = postSolution
		SolutionGuid = {CE5C1D02-0906-4AA9-83CF-E4EC47BE765A}
	EndGlobalSection
EndGlobal
